
Microsoft Visual Studio Solution File, Format Version 12.00
# Visual Studio Version 16
VisualStudioVersion = 16.0.31205.134
MinimumVisualStudioVersion = 10.0.40219.1
Project("{FAE04EC0-301F-11D3-BF4B-00C04F79EFBC}") = "StudentWebApi_ASPCore", "StudentWebApi_ASPCore.csproj", "{9BE5A60C-6B10-4B29-A4C1-74FF32145D2A}"
EndProject
Global
	GlobalSection(SolutionConfigurationPlatforms) = preSolution
		Debug|Any CPU = Debug|Any CPU
		Release|Any CPU = Release|Any CPU
	EndGlobalSection
	GlobalSection(ProjectConfigurationPlatforms) = postSolution
		{9BE5A60C-6B10-4B29-A4C1-74FF32145D2A}.Debug|Any CPU.ActiveCfg = Debug|Any CPU
		{9BE5A60C-6B10-4B29-A4C1-74FF32145D2A}.Debug|Any CPU.Build.0 = Debug|Any CPU
		{9BE5A60C-6B10-4B29-A4C1-74FF32145D2A}.Release|Any CPU.ActiveCfg = Release|Any CPU
		{9BE5A60C-6B10-4B29-A4C1-74FF32145D2A}.Release|Any CPU.Build.0 = Release|Any CPU
	EndGlobalSection
	GlobalSection(SolutionProperties) = preSolution
		HideSolutionNode = FALSE
	EndGlobalSection
	GlobalSection(ExtensibilityGlobals) = postSolution
		SolutionGuid = {E3167F0D-12B7-481B-9CDE-1B9FB3E9F6F6}
	EndGlobalSection
EndGlobal
